
Microsoft Visual Studio Solution File, Format Version 12.00
# Visual Studio 15
VisualStudioVersion = 15.0.28010.2041
MinimumVisualStudioVersion = 10.0.40219.1
Project("{FAE04EC0-301F-11D3-BF4B-00C04F79EFBC}") = "Weinrechnerlel.Android", "Weinrechnerlel\Weinrechnerlel.Android\Weinrechnerlel.Android.csproj", "{69481660-F023-424A-9C7E-47F9867B6E43}"
EndProject
Project("{FAE04EC0-301F-11D3-BF4B-00C04F79EFBC}") = "Weinrechnerlel", "Weinrechnerlel\Weinrechnerlel\Weinrechnerlel.csproj", "{F8977DB9-1B94-4B49-93A1-2CB210B3833E}"
EndProject
Global
	GlobalSection(SolutionConfigurationPlatforms) = preSolution
		Debug|Any CPU = Debug|Any CPU
		Release|Any CPU = Release|Any CPU
	EndGlobalSection
	GlobalSection(ProjectConfigurationPlatforms) = postSolution
		{69481660-F023-424A-9C7E-47F9867B6E43}.Debug|Any CPU.ActiveCfg = Debug|Any CPU
		{69481660-F023-424A-9C7E-47F9867B6E43}.Debug|Any CPU.Build.0 = Debug|Any CPU
		{69481660-F023-424A-9C7E-47F9867B6E43}.Debug|Any CPU.Deploy.0 = Debug|Any CPU
		{69481660-F023-424A-9C7E-47F9867B6E43}.Release|Any CPU.ActiveCfg = Release|Any CPU
		{69481660-F023-424A-9C7E-47F9867B6E43}.Release|Any CPU.Build.0 = Release|Any CPU
		{69481660-F023-424A-9C7E-47F9867B6E43}.Release|Any CPU.Deploy.0 = Release|Any CPU
		{F8977DB9-1B94-4B49-93A1-2CB210B3833E}.Debug|Any CPU.ActiveCfg = Debug|Any CPU
		{F8977DB9-1B94-4B49-93A1-2CB210B3833E}.Debug|Any CPU.Build.0 = Debug|Any CPU
		{F8977DB9-1B94-4B49-93A1-2CB210B3833E}.Debug|Any CPU.Deploy.0 = Debug|Any CPU
		{F8977DB9-1B94-4B49-93A1-2CB210B3833E}.Release|Any CPU.ActiveCfg = Release|Any CPU
		{F8977DB9-1B94-4B49-93A1-2CB210B3833E}.Release|Any CPU.Build.0 = Release|Any CPU
		{F8977DB9-1B94-4B49-93A1-2CB210B3833E}.Release|Any CPU.Deploy.0 = Release|Any CPU
	EndGlobalSection
	GlobalSection(SolutionProperties) = preSolution
		HideSolutionNode = FALSE
	EndGlobalSection
	GlobalSection(ExtensibilityGlobals) = postSolution
		SolutionGuid = {0135D2EE-7795-42BA-8050-4ACF0732195C}
	EndGlobalSection
EndGlobal
